
Microsoft Visual Studio Solution File, Format Version 12.00
# Visual Studio 14
VisualStudioVersion = 14.0.25123.0
MinimumVisualStudioVersion = 10.0.40219.1
Project("{FAE04EC0-301F-11D3-BF4B-00C04F79EFBC}") = "Draw", "Draw\Draw.csproj", "{792FE958-FEE7-41DF-90E0-B8E7E72F12CF}"
EndProject
Global
	GlobalSection(SolutionConfigurationPlatforms) = preSolution
		Debug|ARM = Debug|ARM
		Debug|x64 = Debug|x64
		Debug|x86 = Debug|x86
		Release|ARM = Release|ARM
		Release|x64 = Release|x64
		Release|x86 = Release|x86
	EndGlobalSection
	GlobalSection(ProjectConfigurationPlatforms) = postSolution
		{792FE958-FEE7-41DF-90E0-B8E7E72F12CF}.Debug|ARM.ActiveCfg = Debug|ARM
		{792FE958-FEE7-41DF-90E0-B8E7E72F12CF}.Debug|ARM.Build.0 = Debug|ARM
		{792FE958-FEE7-41DF-90E0-B8E7E72F12CF}.Debug|ARM.Deploy.0 = Debug|ARM
		{792FE958-FEE7-41DF-90E0-B8E7E72F12CF}.Debug|x64.ActiveCfg = Debug|x64
		{792FE958-FEE7-41DF-90E0-B8E7E72F12CF}.Debug|x64.Build.0 = Debug|x64
		{792FE958-FEE7-41DF-90E0-B8E7E72F12CF}.Debug|x64.Deploy.0 = Debug|x64
		{792FE958-FEE7-41DF-90E0-B8E7E72F12CF}.Debug|x86.ActiveCfg = Debug|x86
		{792FE958-FEE7-41DF-90E0-B8E7E72F12CF}.Debug|x86.Build.0 = Debug|x86
		{792FE958-FEE7-41DF-90E0-B8E7E72F12CF}.Debug|x86.Deploy.0 = Debug|x86
		{792FE958-FEE7-41DF-90E0-B8E7E72F12CF}.Release|ARM.ActiveCfg = Release|ARM
		{792FE958-FEE7-41DF-90E0-B8E7E72F12CF}.Release|ARM.Build.0 = Release|ARM
		{792FE958-FEE7-41DF-90E0-B8E7E72F12CF}.Release|ARM.Deploy.0 = Release|ARM
		{792FE958-FEE7-41DF-90E0-B8E7E72F12CF}.Release|x64.ActiveCfg = Release|x64
		{792FE958-FEE7-41DF-90E0-B8E7E72F12CF}.Release|x64.Build.0 = Release|x64
		{792FE958-FEE7-41DF-90E0-B8E7E72F12CF}.Release|x64.Deploy.0 = Release|x64
		{792FE958-FEE7-41DF-90E0-B8E7E72F12CF}.Release|x86.ActiveCfg = Release|x86
		{792FE958-FEE7-41DF-90E0-B8E7E72F12CF}.Release|x86.Build.0 = Release|x86
		{792FE958-FEE7-41DF-90E0-B8E7E72F12CF}.Release|x86.Deploy.0 = Release|x86
	EndGlobalSection
	GlobalSection(SolutionProperties) = preSolution
		HideSolutionNode = FALSE
	EndGlobalSection
	GlobalSection(TeamFoundationVersionControl) = preSolution
		SccNumberOfProjects = 2
		SccEnterpriseProvider = {4CA58AB2-18FA-4F8D-95D4-32DDF27D184C}
		SccTeamFoundationServer = https://holgerschl.visualstudio.com/defaultcollection
		SccLocalPath0 = .
		SccProjectUniqueName1 = Draw\\Draw.csproj
		SccProjectName1 = Draw
		SccLocalPath1 = Draw
	EndGlobalSection
EndGlobal
